
Microsoft Visual Studio Solution File, Format Version 12.00
# Visual Studio Version 16
VisualStudioVersion = 16.0.29306.81
MinimumVisualStudioVersion = 10.0.40219.1
Project("{FAE04EC0-301F-11D3-BF4B-00C04F79EFBC}") = "TGPSI18H_2218147_AfonsoSalvador_M16", "TGPSI18H_2218147_AfonsoSalvador_M16\TGPSI18H_2218147_AfonsoSalvador_M16.csproj", "{2B1AC6B4-7531-4FA6-9EE7-A2FC5946051C}"
EndProject
Global
	GlobalSection(SolutionConfigurationPlatforms) = preSolution
		Debug|Any CPU = Debug|Any CPU
		Release|Any CPU = Release|Any CPU
	EndGlobalSection
	GlobalSection(ProjectConfigurationPlatforms) = postSolution
		{2B1AC6B4-7531-4FA6-9EE7-A2FC5946051C}.Debug|Any CPU.ActiveCfg = Debug|Any CPU
		{2B1AC6B4-7531-4FA6-9EE7-A2FC5946051C}.Debug|Any CPU.Build.0 = Debug|Any CPU
		{2B1AC6B4-7531-4FA6-9EE7-A2FC5946051C}.Release|Any CPU.ActiveCfg = Release|Any CPU
		{2B1AC6B4-7531-4FA6-9EE7-A2FC5946051C}.Release|Any CPU.Build.0 = Release|Any CPU
	EndGlobalSection
	GlobalSection(SolutionProperties) = preSolution
		HideSolutionNode = FALSE
	EndGlobalSection
	GlobalSection(ExtensibilityGlobals) = postSolution
		SolutionGuid = {051E4605-A0F4-4ADB-9022-39C3BEFB53CE}
	EndGlobalSection
EndGlobal
